[root]
name = "aoc"
version = "0.1.0"
dependencies = [
 "bmp 0.2.0 (registry+https://github.com/rust-lang/crates.io-index)",
 "md5 0.2.1 (registry+https://github.com/rust-lang/crates.io-index)",
 "rustc-serialize 0.3.23 (registry+https://github.com/rust-lang/crates.io-index)",
]

[[package]]
name = "bmp"
version = "0.2.0"
source = "registry+https://github.com/rust-lang/crates.io-index"
dependencies = [
 "byteorder 0.5.3 (registry+https://github.com/rust-lang/crates.io-index)",
]

[[package]]
name = "byteorder"
version = "0.5.3"
source = "registry+https://github.com/rust-lang/crates.io-index"

[[package]]
name = "md5"
version = "0.2.1"
source = "registry+https://github.com/rust-lang/crates.io-index"

[[package]]
name = "rustc-serialize"
version = "0.3.23"
source = "registry+https://github.com/rust-lang/crates.io-index"

[metadata]
"checksum bmp 0.2.0 (registry+https://github.com/rust-lang/crates.io-index)" = "4d80e84ddcb3b15241f1a1ca0e6d7241b15fe92f7f898cb846dc10b1f1639a76"
"checksum byteorder 0.5.3 (registry+https://github.com/rust-lang/crates.io-index)" = "0fc10e8cc6b2580fda3f36eb6dc5316657f812a3df879a44a66fc9f0fdbc4855"
"checksum md5 0.2.1 (registry+https://github.com/rust-lang/crates.io-index)" = "7df230903ccdffd6b3b4ec21624498ea64c912ce50297846907f0b8e1bb249dd"
"checksum rustc-serialize 0.3.23 (registry+https://github.com/rust-lang/crates.io-index)" = "684ce48436d6465300c9ea783b6b14c4361d6b8dcbb1375b486a69cc19e2dfb0"
